<?xml version="1.0" encoding="utf-8"?>
<Project ToolsVersion="4.0" xmlns="http://schemas.microsoft.com/developer/msbuild/2003">
  <ItemGroup>
    <Filter Include="Resource Files">
      <UniqueIdentifier>{67DA6AB6-F800-4c08-8B7A-83BB121AAD01}</UniqueIdentifier>
      <Extensions>rc;ico;cur;bmp;dlg;rc2;rct;bin;rgs;gif;jpg;jpeg;jpe;resx;tiff;tif;png;wav;mfcribbon-ms</Extensions>
    </Filter>
    <Filter Include="System">
      <UniqueIdentifier>{cf7f167d-6e3c-498a-a3ea-55098288ed6a}</UniqueIdentifier>
    </Filter>
    <Filter Include="main">
      <UniqueIdentifier>{76d92418-cfac-4980-bb15-8554c6ebdd12}</UniqueIdentifier>
    </Filter>
    <Filter Include="pch">
      <UniqueIdentifier>{e151b1ea-0af2-46e5-9d76-7aa9fd303136}</UniqueIdentifier>
    </Filter>
    <Filter Include="AM">
      <UniqueIdentifier>{6fcfac7f-e1fb-42e1-8348-d4e7d9527d65}</UniqueIdentifier>
    </Filter>
    <Filter Include="GUI">
      <UniqueIdentifier>{e534cde0-1f24-4a03-8891-260fc364dab6}</UniqueIdentifier>
    </Filter>
    <Filter Include="Window">
      <UniqueIdentifier>{34d79703-979b-4956-a6f0-519b0351ab49}</UniqueIdentifier>
    </Filter>
    <Filter Include="Other">
      <UniqueIdentifier>{67c4749c-0b0f-4cb9-a54b-997def180c55}</UniqueIdentifier>
    </Filter>
    <Filter Include="State">
      <UniqueIdentifier>{b771401c-0891-4560-a18d-85d9ea36017e}</UniqueIdentifier>
    </Filter>
    <Filter Include="Flipbook">
      <UniqueIdentifier>{7a33c658-82aa-4feb-9c57-f0e21358cb6a}</UniqueIdentifier>
    </Filter>
    <Filter Include="Settings">
      <UniqueIdentifier>{de95de6d-5c2e-4cd1-8559-4a5bed78828b}</UniqueIdentifier>
    </Filter>
  </ItemGroup>
  <ItemGroup>
    <ClCompile Include="System.cpp">
      <Filter>System</Filter>
    </ClCompile>
    <ClCompile Include="main.cpp">
      <Filter>main</Filter>
    </ClCompile>
    <ClCompile Include="pch.cpp">
      <Filter>pch</Filter>
    </ClCompile>
    <ClCompile Include="assetmanager.cpp">
      <Filter>AM</Filter>
    </ClCompile>
    <ClCompile Include="Button.cpp">
      <Filter>GUI</Filter>
    </ClCompile>
    <ClCompile Include="DropDownList.cpp">
      <Filter>GUI</Filter>
    </ClCompile>
    <ClCompile Include="GUI.CPP">
      <Filter>GUI</Filter>
    </ClCompile>
    <ClCompile Include="SliderList.cpp">
      <Filter>GUI</Filter>
    </ClCompile>
    <ClCompile Include="TextBox.cpp">
      <Filter>GUI</Filter>
    </ClCompile>
    <ClCompile Include="GameWindow.cpp">
      <Filter>Window</Filter>
    </ClCompile>
    <ClCompile Include="STATE.cpp">
      <Filter>System</Filter>
    </ClCompile>
    <ClCompile Include="Game.cpp">
      <Filter>State</Filter>
    </ClCompile>
    <ClCompile Include="MainMenu.cpp">
      <Filter>State</Filter>
    </ClCompile>
    <ClCompile Include="Options.cpp">
      <Filter>State</Filter>
    </ClCompile>
    <ClCompile Include="PDA.cpp">
      <Filter>System</Filter>
    </ClCompile>
    <ClCompile Include="Figure.cpp" />
    <ClCompile Include="Tetromino.cpp" />
    <ClCompile Include="WORLD.cpp" />
    <ClCompile Include="ScreenFlipbookManager.cpp">
      <Filter>Flipbook</Filter>
    </ClCompile>
    <ClCompile Include="Settings.cpp">
      <Filter>Settings</Filter>
    </ClCompile>
  </ItemGroup>
  <ItemGroup>
    <ClInclude Include="System.h">
      <Filter>System</Filter>
    </ClInclude>
    <ClInclude Include="pch.h">
      <Filter>pch</Filter>
    </ClInclude>
    <ClInclude Include="assetmanager.h">
      <Filter>AM</Filter>
    </ClInclude>
    <ClInclude Include="TextBox.h">
      <Filter>GUI</Filter>
    </ClInclude>
    <ClInclude Include="Button.h">
      <Filter>GUI</Filter>
    </ClInclude>
    <ClInclude Include="DropDownList.h">
      <Filter>GUI</Filter>
    </ClInclude>
    <ClInclude Include="GUI.h">
      <Filter>GUI</Filter>
    </ClInclude>
    <ClInclude Include="SliderList.h">
      <Filter>GUI</Filter>
    </ClInclude>
    <ClInclude Include="GameWindow.h">
      <Filter>Window</Filter>
    </ClInclude>
    <ClInclude Include="STATE.h">
      <Filter>System</Filter>
    </ClInclude>
    <ClInclude Include="SYMBOLS.H">
      <Filter>Other</Filter>
    </ClInclude>
    <ClInclude Include="Game.h">
      <Filter>State</Filter>
    </ClInclude>
    <ClInclude Include="MainMenu.h">
      <Filter>State</Filter>
    </ClInclude>
    <ClInclude Include="Options.h">
      <Filter>State</Filter>
    </ClInclude>
    <ClInclude Include="PDA.h">
      <Filter>System</Filter>
    </ClInclude>
    <ClInclude Include="Figure.h" />
    <ClInclude Include="Tetromino.h" />
    <ClInclude Include="WORLD.h" />
    <ClInclude Include="ScreenFlipbookManager.h">
      <Filter>Flipbook</Filter>
    </ClInclude>
    <ClInclude Include="Resource.h">
      <Filter>Resource Files</Filter>
    </ClInclude>
    <ClInclude Include="Settings.h">
      <Filter>Settings</Filter>
    </ClInclude>
  </ItemGroup>
  <ItemGroup>
    <ResourceCompile Include="re.rc">
      <Filter>Resource Files</Filter>
    </ResourceCompile>
  </ItemGroup>
</Project>